
Microsoft Visual Studio Solution File, Format Version 12.00
# Visual Studio 15
VisualStudioVersion = 15.0.27703.2018
MinimumVisualStudioVersion = 10.0.40219.1
Project("{FAE04EC0-301F-11D3-BF4B-00C04F79EFBC}") = "FundApps.Courier", "FundApps.Courier\FundApps.Courier.csproj", "{FF1F5AEB-539D-40B4-B35E-072DE5457922}"
EndProject
Project("{FAE04EC0-301F-11D3-BF4B-00C04F79EFBC}") = "FundApps.Courier.Tests", "FundApps.Courier.Tests\FundApps.Courier.Tests.csproj", "{F46EFE9B-4D1B-4675-BAD3-EB258666696C}"
EndProject
Global
	GlobalSection(SolutionConfigurationPlatforms) = preSolution
		Debug|Any CPU = Debug|Any CPU
		Release|Any CPU = Release|Any CPU
	EndGlobalSection
	GlobalSection(ProjectConfigurationPlatforms) = postSolution
		{FF1F5AEB-539D-40B4-B35E-072DE5457922}.Debug|Any CPU.ActiveCfg = Debug|Any CPU
		{FF1F5AEB-539D-40B4-B35E-072DE5457922}.Debug|Any CPU.Build.0 = Debug|Any CPU
		{FF1F5AEB-539D-40B4-B35E-072DE5457922}.Release|Any CPU.ActiveCfg = Release|Any CPU
		{FF1F5AEB-539D-40B4-B35E-072DE5457922}.Release|Any CPU.Build.0 = Release|Any CPU
		{F46EFE9B-4D1B-4675-BAD3-EB258666696C}.Debug|Any CPU.ActiveCfg = Debug|Any CPU
		{F46EFE9B-4D1B-4675-BAD3-EB258666696C}.Debug|Any CPU.Build.0 = Debug|Any CPU
		{F46EFE9B-4D1B-4675-BAD3-EB258666696C}.Release|Any CPU.ActiveCfg = Release|Any CPU
		{F46EFE9B-4D1B-4675-BAD3-EB258666696C}.Release|Any CPU.Build.0 = Release|Any CPU
	EndGlobalSection
	GlobalSection(SolutionProperties) = preSolution
		HideSolutionNode = FALSE
	EndGlobalSection
	GlobalSection(ExtensibilityGlobals) = postSolution
		SolutionGuid = {E8AA767F-3107-4441-821E-AA4C95EC55E6}
	EndGlobalSection
EndGlobal
